
Microsoft Visual Studio Solution File, Format Version 12.00
# Visual Studio 14
VisualStudioVersion = 14.0.25420.1
MinimumVisualStudioVersion = 10.0.40219.1
Project("{2150E333-8FDC-42A3-9474-1A3956D46DE8}") = "src", "src", "{C5FD8CCB-17A5-4E6F-9BBB-72EF865D0232}"
EndProject
Project("{2150E333-8FDC-42A3-9474-1A3956D46DE8}") = "Solution Items", "Solution Items", "{6D72D9AB-4750-45AE-8C27-1C20D487341E}"
	ProjectSection(SolutionItems) = preProject
		global.json = global.json
	EndProjectSection
EndProject
Project("{8BB2217D-0F2D-49D1-97BC-3654ED321F3B}") = "Slack.Webhooks.Core", "src\Slack.Webhooks.Core\Slack.Webhooks.Core.xproj", "{4ED9AAD8-2611-49B3-9F01-1587F6F67839}"
EndProject
Global
	GlobalSection(SolutionConfigurationPlatforms) = preSolution
		Debug|Any CPU = Debug|Any CPU
		Release|Any CPU = Release|Any CPU
	EndGlobalSection
	GlobalSection(ProjectConfigurationPlatforms) = postSolution
		{4ED9AAD8-2611-49B3-9F01-1587F6F67839}.Debug|Any CPU.ActiveCfg = Debug|Any CPU
		{4ED9AAD8-2611-49B3-9F01-1587F6F67839}.Debug|Any CPU.Build.0 = Debug|Any CPU
		{4ED9AAD8-2611-49B3-9F01-1587F6F67839}.Release|Any CPU.ActiveCfg = Release|Any CPU
		{4ED9AAD8-2611-49B3-9F01-1587F6F67839}.Release|Any CPU.Build.0 = Release|Any CPU
	EndGlobalSection
	GlobalSection(SolutionProperties) = preSolution
		HideSolutionNode = FALSE
	EndGlobalSection
	GlobalSection(NestedProjects) = preSolution
		{4ED9AAD8-2611-49B3-9F01-1587F6F67839} = {C5FD8CCB-17A5-4E6F-9BBB-72EF865D0232}
	EndGlobalSection
EndGlobal
